
Microsoft Visual Studio Solution File, Format Version 12.00
# Visual Studio 15
VisualStudioVersion = 15.0.33919.361
MinimumVisualStudioVersion = 10.0.40219.1
Project("{FAE04EC0-301F-11D3-BF4B-00C04F79EFBC}") = "SdoaqApiTester", "cs\SdoaqApiTester\SdoaqApiTester.csproj", "{ADA1CCF4-CE37-43CD-B60F-218B22D31ED5}"
EndProject
Project("{FAE04EC0-301F-11D3-BF4B-00C04F79EFBC}") = "SdoaqCameraFrameCallback", "cs\SdoaqCameraFrameCallback\SdoaqCameraFrameCallback.csproj", "{C6C729D5-6CD6-4E87-A43D-10144309DD1D}"
EndProject
Project("{FAE04EC0-301F-11D3-BF4B-00C04F79EFBC}") = "SdoaqMultiWS", "cs\SdoaqMultiWS\SdoaqMultiWS.csproj", "{5A28A4D9-B8EA-4885-AC7A-5AC73BB197B3}"
EndProject
Project("{FAE04EC0-301F-11D3-BF4B-00C04F79EFBC}") = "SdoaqAutoFocus", "cs\SdoaqAutoFocus\SdoaqAutoFocus.csproj", "{8CE5F349-2DCC-4D67-B603-23B601A4AC8B}"
EndProject
Global
	GlobalSection(SolutionConfigurationPlatforms) = preSolution
		Debug|Any CPU = Debug|Any CPU
		Release|Any CPU = Release|Any CPU
	EndGlobalSection
	GlobalSection(ProjectConfigurationPlatforms) = postSolution
		{ADA1CCF4-CE37-43CD-B60F-218B22D31ED5}.Debug|Any CPU.ActiveCfg = Debug|Any CPU
		{ADA1CCF4-CE37-43CD-B60F-218B22D31ED5}.Debug|Any CPU.Build.0 = Debug|Any CPU
		{ADA1CCF4-CE37-43CD-B60F-218B22D31ED5}.Release|Any CPU.ActiveCfg = Release|Any CPU
		{ADA1CCF4-CE37-43CD-B60F-218B22D31ED5}.Release|Any CPU.Build.0 = Release|Any CPU
		{C6C729D5-6CD6-4E87-A43D-10144309DD1D}.Debug|Any CPU.ActiveCfg = Debug|Any CPU
		{C6C729D5-6CD6-4E87-A43D-10144309DD1D}.Debug|Any CPU.Build.0 = Debug|Any CPU
		{C6C729D5-6CD6-4E87-A43D-10144309DD1D}.Release|Any CPU.ActiveCfg = Release|Any CPU
		{C6C729D5-6CD6-4E87-A43D-10144309DD1D}.Release|Any CPU.Build.0 = Release|Any CPU
		{5A28A4D9-B8EA-4885-AC7A-5AC73BB197B3}.Debug|Any CPU.ActiveCfg = Debug|Any CPU
		{5A28A4D9-B8EA-4885-AC7A-5AC73BB197B3}.Debug|Any CPU.Build.0 = Debug|Any CPU
		{5A28A4D9-B8EA-4885-AC7A-5AC73BB197B3}.Release|Any CPU.ActiveCfg = Release|Any CPU
		{5A28A4D9-B8EA-4885-AC7A-5AC73BB197B3}.Release|Any CPU.Build.0 = Release|Any CPU
		{8CE5F349-2DCC-4D67-B603-23B601A4AC8B}.Debug|Any CPU.ActiveCfg = Debug|Any CPU
		{8CE5F349-2DCC-4D67-B603-23B601A4AC8B}.Debug|Any CPU.Build.0 = Debug|Any CPU
		{8CE5F349-2DCC-4D67-B603-23B601A4AC8B}.Release|Any CPU.ActiveCfg = Release|Any CPU
		{8CE5F349-2DCC-4D67-B603-23B601A4AC8B}.Release|Any CPU.Build.0 = Release|Any CPU
	EndGlobalSection
	GlobalSection(SolutionProperties) = preSolution
		HideSolutionNode = FALSE
	EndGlobalSection
	GlobalSection(ExtensibilityGlobals) = postSolution
		SolutionGuid = {678E5E1A-B307-41C5-8E8C-2FD82E495DBC}
	EndGlobalSection
EndGlobal
